// !$*UTF8*$!
{
	archiveVersion = 1;
	classes = {
	};
	objectVersion = 50;
	objects = {

/* Begin PBXBuildFile section */
		1D00B7E52CB12D1B9042B5AE /* Pods_VK.framework in Frameworks */ = {isa = PBXBuildFile; fileRef = C6FE2864446B0FE3CDDAB8EC /* Pods_VK.framework */; };
		9419D9CC21DDF05C00E2DC08 /* ApiManager.swift in Sources */ = {isa = PBXBuildFile; fileRef = 9419D9CB21DDF05C00E2DC08 /* ApiManager.swift */; };
		9419D9CE21DDF4D700E2DC08 /* ErrorManager.swift in Sources */ = {isa = PBXBuildFile; fileRef = 9419D9CD21DDF4D700E2DC08 /* ErrorManager.swift */; };
		9419D9D121DE159A00E2DC08 /* RequestType.swift in Sources */ = {isa = PBXBuildFile; fileRef = 9419D9D021DE159A00E2DC08 /* RequestType.swift */; };
		944A687C21D3DC180004B02D /* AboutMeViewController.swift in Sources */ = {isa = PBXBuildFile; fileRef = 944A687B21D3DC180004B02D /* AboutMeViewController.swift */; };
		948E88CE21DF6D4800A658AD /* UpdateManager.swift in Sources */ = {isa = PBXBuildFile; fileRef = 948E88CD21DF6D4800A658AD /* UpdateManager.swift */; };
		948E88D121DF9B3500A658AD /* GetCacheImage.swift in Sources */ = {isa = PBXBuildFile; fileRef = 948E88D021DF9B3500A658AD /* GetCacheImage.swift */; };
		94D0AAC421D353E1004ECBDA /* AppDelegate.swift in Sources */ = {isa = PBXBuildFile; fileRef = 94D0AAC321D353E1004ECBDA /* AppDelegate.swift */; };
		94D0AAC621D353E1004ECBDA /* AuthViewController.swift in Sources */ = {isa = PBXBuildFile; fileRef = 94D0AAC521D353E1004ECBDA /* AuthViewController.swift */; };
		94D0AAC921D353E1004ECBDA /* Main.storyboard in Resources */ = {isa = PBXBuildFile; fileRef = 94D0AAC721D353E1004ECBDA /* Main.storyboard */; };
		94D0AACB21D353E2004ECBDA /* Assets.xcassets in Resources */ = {isa = PBXBuildFile; fileRef = 94D0AACA21D353E2004ECBDA /* Assets.xcassets */; };
		94D0AACE21D353E2004ECBDA /* LaunchScreen.storyboard in Resources */ = {isa = PBXBuildFile; fileRef = 94D0AACC21D353E2004ECBDA /* LaunchScreen.storyboard */; };
		94E771BD21D538BA00AE8632 /* LoadMyData.swift in Sources */ = {isa = PBXBuildFile; fileRef = 94E771BC21D538BA00AE8632 /* LoadMyData.swift */; };
		94E771BF21D548CD00AE8632 /* User.swift in Sources */ = {isa = PBXBuildFile; fileRef = 94E771BE21D548CD00AE8632 /* User.swift */; };
		94F656C921E085C7005D4EE3 /* MyFriendsTableViewController.swift in Sources */ = {isa = PBXBuildFile; fileRef = 94F656C821E085C7005D4EE3 /* MyFriendsTableViewController.swift */; };
		94F656CB21E085FB005D4EE3 /* MyFriendsTableViewCell.swift in Sources */ = {isa = PBXBuildFile; fileRef = 94F656CA21E085FB005D4EE3 /* MyFriendsTableViewCell.swift */; };
		94F656CE21E0865E005D4EE3 /* MyGroupTableViewCell.swift in Sources */ = {isa = PBXBuildFile; fileRef = 94F656CD21E0865E005D4EE3 /* MyGroupTableViewCell.swift */; };
		94F656D021E08676005D4EE3 /* MyGroupTableViewController.swift in Sources */ = {isa = PBXBuildFile; fileRef = 94F656CF21E08676005D4EE3 /* MyGroupTableViewController.swift */; };
		94F656D321E0A7F5005D4EE3 /* LoadMyFriendsData.swift in Sources */ = {isa = PBXBuildFile; fileRef = 94F656D221E0A7F5005D4EE3 /* LoadMyFriendsData.swift */; };
		94F656D521E0ACE2005D4EE3 /* FriendViewController.swift in Sources */ = {isa = PBXBuildFile; fileRef = 94F656D421E0ACE2005D4EE3 /* FriendViewController.swift */; };
/* End PBXBuildFile section */

/* Begin PBXFileReference section */
		9419D9CB21DDF05C00E2DC08 /* ApiManager.swift */ = {isa = PBXFileReference; lastKnownFileType = sourcecode.swift; path = ApiManager.swift; sourceTree = "<group>"; };
		9419D9CD21DDF4D700E2DC08 /* ErrorManager.swift */ = {isa = PBXFileReference; lastKnownFileType = sourcecode.swift; path = ErrorManager.swift; sourceTree = "<group>"; };
		9419D9D021DE159A00E2DC08 /* RequestType.swift */ = {isa = PBXFileReference; lastKnownFileType = sourcecode.swift; path = RequestType.swift; sourceTree = "<group>"; };
		944A687B21D3DC180004B02D /* AboutMeViewController.swift */ = {isa = PBXFileReference; lastKnownFileType = sourcecode.swift; path = AboutMeViewController.swift; sourceTree = "<group>"; };
		948E88CD21DF6D4800A658AD /* UpdateManager.swift */ = {isa = PBXFileReference; lastKnownFileType = sourcecode.swift; path = UpdateManager.swift; sourceTree = "<group>"; };
		948E88D021DF9B3500A658AD /* GetCacheImage.swift */ = {isa = PBXFileReference; lastKnownFileType = sourcecode.swift; path = GetCacheImage.swift; sourceTree = "<group>"; };
		94D0AAC021D353E1004ECBDA /* VK.app */ = {isa = PBXFileReference; explicitFileType = wrapper.application; includeInIndex = 0; path = VK.app; sourceTree = BUILT_PRODUCTS_DIR; };
		94D0AAC321D353E1004ECBDA /* AppDelegate.swift */ = {isa = PBXFileReference; lastKnownFileType = sourcecode.swift; path = AppDelegate.swift; sourceTree = "<group>"; };
		94D0AAC521D353E1004ECBDA /* AuthViewController.swift */ = {isa = PBXFileReference; lastKnownFileType = sourcecode.swift; path = AuthViewController.swift; sourceTree = "<group>"; };
		94D0AAC821D353E1004ECBDA /* Base */ = {isa = PBXFileReference; lastKnownFileType = file.storyboard; name = Base; path = Base.lproj/Main.storyboard; sourceTree = "<group>"; };
		94D0AACA21D353E2004ECBDA /* Assets.xcassets */ = {isa = PBXFileReference; lastKnownFileType = folder.assetcatalog; path = Assets.xcassets; sourceTree = "<group>"; };
		94D0AACD21D353E2004ECBDA /* Base */ = {isa = PBXFileReference; lastKnownFileType = file.storyboard; name = Base; path = Base.lproj/LaunchScreen.storyboard; sourceTree = "<group>"; };
		94D0AACF21D353E2004ECBDA /* Info.plist */ = {isa = PBXFileReference; lastKnownFileType = text.plist.xml; path = Info.plist; sourceTree = "<group>"; };
		94E771BC21D538BA00AE8632 /* LoadMyData.swift */ = {isa = PBXFileReference; lastKnownFileType = sourcecode.swift; path = LoadMyData.swift; sourceTree = "<group>"; };
		94E771BE21D548CD00AE8632 /* User.swift */ = {isa = PBXFileReference; lastKnownFileType = sourcecode.swift; path = User.swift; sourceTree = "<group>"; };
		94F656C821E085C7005D4EE3 /* MyFriendsTableViewController.swift */ = {isa = PBXFileReference; lastKnownFileType = sourcecode.swift; path = MyFriendsTableViewController.swift; sourceTree = "<group>"; };
		94F656CA21E085FB005D4EE3 /* MyFriendsTableViewCell.swift */ = {isa = PBXFileReference; lastKnownFileType = sourcecode.swift; path = MyFriendsTableViewCell.swift; sourceTree = "<group>"; };
		94F656CD21E0865E005D4EE3 /* MyGroupTableViewCell.swift */ = {isa = PBXFileReference; lastKnownFileType = sourcecode.swift; path = MyGroupTableViewCell.swift; sourceTree = "<group>"; };
		94F656CF21E08676005D4EE3 /* MyGroupTableViewController.swift */ = {isa = PBXFileReference; lastKnownFileType = sourcecode.swift; path = MyGroupTableViewController.swift; sourceTree = "<group>"; };
		94F656D221E0A7F5005D4EE3 /* LoadMyFriendsData.swift */ = {isa = PBXFileReference; lastKnownFileType = sourcecode.swift; path = LoadMyFriendsData.swift; sourceTree = "<group>"; };
		94F656D421E0ACE2005D4EE3 /* FriendViewController.swift */ = {isa = PBXFileReference; lastKnownFileType = sourcecode.swift; path = FriendViewController.swift; sourceTree = "<group>"; };
		9ED2FE472DDD3FC23E07AFB2 /* Pods-VK.release.xcconfig */ = {isa = PBXFileReference; includeInIndex = 1; lastKnownFileType = text.xcconfig; name = "Pods-VK.release.xcconfig"; path = "Pods/Target Support Files/Pods-VK/Pods-VK.release.xcconfig"; sourceTree = "<group>"; };
		A04C96CE9B946209924A9AE6 /* Pods-VK.debug.xcconfig */ = {isa = PBXFileReference; includeInIndex = 1; lastKnownFileType = text.xcconfig; name = "Pods-VK.debug.xcconfig"; path = "Pods/Target Support Files/Pods-VK/Pods-VK.debug.xcconfig"; sourceTree = "<group>"; };
		C6FE2864446B0FE3CDDAB8EC /* Pods_VK.framework */ = {isa = PBXFileReference; explicitFileType = wrapper.framework; includeInIndex = 0; path = Pods_VK.framework; sourceTree = BUILT_PRODUCTS_DIR; };
/* End PBXFileReference section */

/* Begin PBXFrameworksBuildPhase section */
		94D0AABD21D353E1004ECBDA /* Frameworks */ = {
			isa = PBXFrameworksBuildPhase;
			buildActionMask = 2147483647;
			files = (
				1D00B7E52CB12D1B9042B5AE /* Pods_VK.framework in Frameworks */,
			);
			runOnlyForDeploymentPostprocessing = 0;
		};
/* End PBXFrameworksBuildPhase section */

/* Begin PBXGroup section */
		1BF1521738D249901434B845 /* Frameworks */ = {
			isa = PBXGroup;
			children = (
				C6FE2864446B0FE3CDDAB8EC /* Pods_VK.framework */,
			);
			name = Frameworks;
			sourceTree = "<group>";
		};
		9419D9C421DDE2DD00E2DC08 /* Network */ = {
			isa = PBXGroup;
			children = (
				9419D9CB21DDF05C00E2DC08 /* ApiManager.swift */,
				9419D9CD21DDF4D700E2DC08 /* ErrorManager.swift */,
			);
			path = Network;
			sourceTree = "<group>";
		};
		948E88CC21DF6D1E00A658AD /* Network */ = {
			isa = PBXGroup;
			children = (
				94E771BC21D538BA00AE8632 /* LoadMyData.swift */,
				94F656D221E0A7F5005D4EE3 /* LoadMyFriendsData.swift */,
				9419D9D021DE159A00E2DC08 /* RequestType.swift */,
			);
			path = Network;
			sourceTree = "<group>";
		};
		948E88CF21DF9A9200A658AD /* Cache */ = {
			isa = PBXGroup;
			children = (
				948E88D021DF9B3500A658AD /* GetCacheImage.swift */,
			);
			path = Cache;
			sourceTree = "<group>";
		};
		94D0AAB721D353E1004ECBDA = {
			isa = PBXGroup;
			children = (
				94D0AAC221D353E1004ECBDA /* VK */,
				94D0AAC121D353E1004ECBDA /* Products */,
				AD0E1EAC1EA6C6E01CFC8FD7 /* Pods */,
				1BF1521738D249901434B845 /* Frameworks */,
			);
			sourceTree = "<group>";
		};
		94D0AAC121D353E1004ECBDA /* Products */ = {
			isa = PBXGroup;
			children = (
				94D0AAC021D353E1004ECBDA /* VK.app */,
			);
			name = Products;
			sourceTree = "<group>";
		};
		94D0AAC221D353E1004ECBDA /* VK */ = {
			isa = PBXGroup;
			children = (
				94D0AAD521D39A40004ECBDA /* App */,
				94D0AAD621D39A6E004ECBDA /* Core */,
				94D0AAD821D39AA3004ECBDA /* Environment */,
				94D0AAD721D39A7D004ECBDA /* Flows */,
				94D0AAD921D39AB3004ECBDA /* Resource */,
			);
			path = VK;
			sourceTree = "<group>";
		};
		94D0AAD521D39A40004ECBDA /* App */ = {
			isa = PBXGroup;
			children = (
				94D0AADA21D39F9C004ECBDA /* BussinessLogic */,
				94D0AAC321D353E1004ECBDA /* AppDelegate.swift */,
				94E771C021D5559D00AE8632 /* Entitys */,
			);
			path = App;
			sourceTree = "<group>";
		};
		94D0AAD621D39A6E004ECBDA /* Core */ = {
			isa = PBXGroup;
			children = (
				9419D9C421DDE2DD00E2DC08 /* Network */,
			);
			path = Core;
			sourceTree = "<group>";
		};
		94D0AAD721D39A7D004ECBDA /* Flows */ = {
			isa = PBXGroup;
			children = (
				944A687B21D3DC180004B02D /* AboutMeViewController.swift */,
				94D0AAC521D353E1004ECBDA /* AuthViewController.swift */,
				94D0AAC721D353E1004ECBDA /* Main.storyboard */,
				94F656CC21E08607005D4EE3 /* MyFriends */,
				94F656D121E0867F005D4EE3 /* MyGroup */,
			);
			path = Flows;
			sourceTree = "<group>";
		};
		94D0AAD821D39AA3004ECBDA /* Environment */ = {
			isa = PBXGroup;
			children = (
				94D0AACC21D353E2004ECBDA /* LaunchScreen.storyboard */,
				94D0AACF21D353E2004ECBDA /* Info.plist */,
			);
			path = Environment;
			sourceTree = "<group>";
		};
		94D0AAD921D39AB3004ECBDA /* Resource */ = {
			isa = PBXGroup;
			children = (
				94D0AACA21D353E2004ECBDA /* Assets.xcassets */,
			);
			path = Resource;
			sourceTree = "<group>";
		};
		94D0AADA21D39F9C004ECBDA /* BussinessLogic */ = {
			isa = PBXGroup;
			children = (
				948E88CF21DF9A9200A658AD /* Cache */,
				948E88CC21DF6D1E00A658AD /* Network */,
				948E88CD21DF6D4800A658AD /* UpdateManager.swift */,
			);
			path = BussinessLogic;
			sourceTree = "<group>";
		};
		94E771C021D5559D00AE8632 /* Entitys */ = {
			isa = PBXGroup;
			children = (
				94E771BE21D548CD00AE8632 /* User.swift */,
			);
			path = Entitys;
			sourceTree = "<group>";
		};
		94F656CC21E08607005D4EE3 /* MyFriends */ = {
			isa = PBXGroup;
			children = (
				94F656D421E0ACE2005D4EE3 /* FriendViewController.swift */,
				94F656C821E085C7005D4EE3 /* MyFriendsTableViewController.swift */,
				94F656CA21E085FB005D4EE3 /* MyFriendsTableViewCell.swift */,
			);
			path = MyFriends;
			sourceTree = "<group>";
		};
		94F656D121E0867F005D4EE3 /* MyGroup */ = {
			isa = PBXGroup;
			children = (
				94F656CD21E0865E005D4EE3 /* MyGroupTableViewCell.swift */,
				94F656CF21E08676005D4EE3 /* MyGroupTableViewController.swift */,
			);
			path = MyGroup;
			sourceTree = "<group>";
		};
		AD0E1EAC1EA6C6E01CFC8FD7 /* Pods */ = {
			isa = PBXGroup;
			children = (
				A04C96CE9B946209924A9AE6 /* Pods-VK.debug.xcconfig */,
				9ED2FE472DDD3FC23E07AFB2 /* Pods-VK.release.xcconfig */,
			);
			name = Pods;
			sourceTree = "<group>";
		};
/* End PBXGroup section */

/* Begin PBXNativeTarget section */
		94D0AABF21D353E1004ECBDA /* VK */ = {
			isa = PBXNativeTarget;
			buildConfigurationList = 94D0AAD221D353E2004ECBDA /* Build configuration list for PBXNativeTarget "VK" */;
			buildPhases = (
				D73CABDFB822BE1269C8BFF7 /* [CP] Check Pods Manifest.lock */,
				94D0AABC21D353E1004ECBDA /* Sources */,
				94D0AABD21D353E1004ECBDA /* Frameworks */,
				94D0AABE21D353E1004ECBDA /* Resources */,
				1A95286CA6D256B7135B5173 /* [CP] Embed Pods Frameworks */,
			);
			buildRules = (
			);
			dependencies = (
			);
			name = VK;
			productName = VK;
			productReference = 94D0AAC021D353E1004ECBDA /* VK.app */;
			productType = "com.apple.product-type.application";
		};
/* End PBXNativeTarget section */

/* Begin PBXProject section */
		94D0AAB821D353E1004ECBDA /* Project object */ = {
			isa = PBXProject;
			attributes = {
				LastSwiftUpdateCheck = 1010;
				LastUpgradeCheck = 1010;
				ORGANIZATIONNAME = "Maxim Tolstikov";
				TargetAttributes = {
					94D0AABF21D353E1004ECBDA = {
						CreatedOnToolsVersion = 10.1;
					};
				};
			};
			buildConfigurationList = 94D0AABB21D353E1004ECBDA /* Build configuration list for PBXProject "VK" */;
			compatibilityVersion = "Xcode 9.3";
			developmentRegion = en;
			hasScannedForEncodings = 0;
			knownRegions = (
				en,
				Base,
			);
			mainGroup = 94D0AAB721D353E1004ECBDA;
			productRefGroup = 94D0AAC121D353E1004ECBDA /* Products */;
			projectDirPath = "";
			projectRoot = "";
			targets = (
				94D0AABF21D353E1004ECBDA /* VK */,
			);
		};
/* End PBXProject section */

/* Begin PBXResourcesBuildPhase section */
		94D0AABE21D353E1004ECBDA /* Resources */ = {
			isa = PBXResourcesBuildPhase;
			buildActionMask = 2147483647;
			files = (
				94D0AACE21D353E2004ECBDA /* LaunchScreen.storyboard in Resources */,
				94D0AACB21D353E2004ECBDA /* Assets.xcassets in Resources */,
				94D0AAC921D353E1004ECBDA /* Main.storyboard in Resources */,
			);
			runOnlyForDeploymentPostprocessing = 0;
		};
/* End PBXResourcesBuildPhase section */

/* Begin PBXShellScriptBuildPhase section */
		1A95286CA6D256B7135B5173 /* [CP] Embed Pods Frameworks */ = {
			isa = PBXShellScriptBuildPhase;
			buildActionMask = 2147483647;
			files = (
			);
			inputPaths = (
				"${SRCROOT}/Pods/Target Support Files/Pods-VK/Pods-VK-frameworks.sh",
				"${BUILT_PRODUCTS_DIR}/Realm/Realm.framework",
				"${BUILT_PRODUCTS_DIR}/RealmSwift/RealmSwift.framework",
				"${BUILT_PRODUCTS_DIR}/VK-ios-sdk/VK_ios_sdk.framework",
			);
			name = "[CP] Embed Pods Frameworks";
			outputPaths = (
				"${TARGET_BUILD_DIR}/${FRAMEWORKS_FOLDER_PATH}/Realm.framework",
				"${TARGET_BUILD_DIR}/${FRAMEWORKS_FOLDER_PATH}/RealmSwift.framework",
				"${TARGET_BUILD_DIR}/${FRAMEWORKS_FOLDER_PATH}/VK_ios_sdk.framework",
			);
			runOnlyForDeploymentPostprocessing = 0;
			shellPath = /bin/sh;
			shellScript = "\"${SRCROOT}/Pods/Target Support Files/Pods-VK/Pods-VK-frameworks.sh\"\n";
			showEnvVarsInLog = 0;
		};
		D73CABDFB822BE1269C8BFF7 /* [CP] Check Pods Manifest.lock */ = {
			isa = PBXShellScriptBuildPhase;
			buildActionMask = 2147483647;
			files = (
			);
			inputPaths = (
				"${PODS_PODFILE_DIR_PATH}/Podfile.lock",
				"${PODS_ROOT}/Manifest.lock",
			);
			name = "[CP] Check Pods Manifest.lock";
			outputPaths = (
				"$(DERIVED_FILE_DIR)/Pods-VK-checkManifestLockResult.txt",
			);
			runOnlyForDeploymentPostprocessing = 0;
			shellPath = /bin/sh;
			shellScript = "diff \"${PODS_PODFILE_DIR_PATH}/Podfile.lock\" \"${PODS_ROOT}/Manifest.lock\" > /dev/null\nif [ $? != 0 ] ; then\n    # print error to STDERR\n    echo \"error: The sandbox is not in sync with the Podfile.lock. Run 'pod install' or update your CocoaPods installation.\" >&2\n    exit 1\nfi\n# This output is used by Xcode 'outputs' to avoid re-running this script phase.\necho \"SUCCESS\" > \"${SCRIPT_OUTPUT_FILE_0}\"\n";
			showEnvVarsInLog = 0;
		};
/* End PBXShellScriptBuildPhase section */

/* Begin PBXSourcesBuildPhase section */
		94D0AABC21D353E1004ECBDA /* Sources */ = {
			isa = PBXSourcesBuildPhase;
			buildActionMask = 2147483647;
			files = (
				94F656D021E08676005D4EE3 /* MyGroupTableViewController.swift in Sources */,
				94D0AAC621D353E1004ECBDA /* AuthViewController.swift in Sources */,
				944A687C21D3DC180004B02D /* AboutMeViewController.swift in Sources */,
				94F656C921E085C7005D4EE3 /* MyFriendsTableViewController.swift in Sources */,
				94F656CB21E085FB005D4EE3 /* MyFriendsTableViewCell.swift in Sources */,
				9419D9CE21DDF4D700E2DC08 /* ErrorManager.swift in Sources */,
				94E771BD21D538BA00AE8632 /* LoadMyData.swift in Sources */,
				94E771BF21D548CD00AE8632 /* User.swift in Sources */,
				9419D9CC21DDF05C00E2DC08 /* ApiManager.swift in Sources */,
				94D0AAC421D353E1004ECBDA /* AppDelegate.swift in Sources */,
				94F656D321E0A7F5005D4EE3 /* LoadMyFriendsData.swift in Sources */,
				94F656CE21E0865E005D4EE3 /* MyGroupTableViewCell.swift in Sources */,
				94F656D521E0ACE2005D4EE3 /* FriendViewController.swift in Sources */,
				9419D9D121DE159A00E2DC08 /* RequestType.swift in Sources */,
				948E88CE21DF6D4800A658AD /* UpdateManager.swift in Sources */,
				948E88D121DF9B3500A658AD /* GetCacheImage.swift in Sources */,
			);
			runOnlyForDeploymentPostprocessing = 0;
		};
/* End PBXSourcesBuildPhase section */

/* Begin PBXVariantGroup section */
		94D0AAC721D353E1004ECBDA /* Main.storyboard */ = {
			isa = PBXVariantGroup;
			children = (
				94D0AAC821D353E1004ECBDA /* Base */,
			);
			name = Main.storyboard;
			sourceTree = "<group>";
		};
		94D0AACC21D353E2004ECBDA /* LaunchScreen.storyboard */ = {
			isa = PBXVariantGroup;
			children = (
				94D0AACD21D353E2004ECBDA /* Base */,
			);
			name = LaunchScreen.storyboard;
			sourceTree = "<group>";
		};
/* End PBXVariantGroup section */

/* Begin XCBuildConfiguration section */
		94D0AAD021D353E2004ECBDA /* Debug */ = {
			isa = XCBuildConfiguration;
			buildSettings = {
				ALWAYS_SEARCH_USER_PATHS = NO;
				CLANG_ANALYZER_NONNULL = YES;
				CLANG_ANALYZER_NUMBER_OBJECT_CONVERSION = YES_AGGRESSIVE;
				CLANG_CXX_LANGUAGE_STANDARD = "gnu++14";
				CLANG_CXX_LIBRARY = "libc++";
				CLANG_ENABLE_MODULES = YES;
				CLANG_ENABLE_OBJC_ARC = YES;
				CLANG_ENABLE_OBJC_WEAK = YES;
				CLANG_WARN_BLOCK_CAPTURE_AUTORELEASING = YES;
				CLANG_WARN_BOOL_CONVERSION = YES;
				CLANG_WARN_COMMA = YES;
				CLANG_WARN_CONSTANT_CONVERSION = YES;
				CLANG_WARN_DEPRECATED_OBJC_IMPLEMENTATIONS = YES;
				CLANG_WARN_DIRECT_OBJC_ISA_USAGE = YES_ERROR;
				CLANG_WARN_DOCUMENTATION_COMMENTS = YES;
				CLANG_WARN_EMPTY_BODY = YES;
				CLANG_WARN_ENUM_CONVERSION = YES;
				CLANG_WARN_INFINITE_RECURSION = YES;
				CLANG_WARN_INT_CONVERSION = YES;
				CLANG_WARN_NON_LITERAL_NULL_CONVERSION = YES;
				CLANG_WARN_OBJC_IMPLICIT_RETAIN_SELF = YES;
				CLANG_WARN_OBJC_LITERAL_CONVERSION = YES;
				CLANG_WARN_OBJC_ROOT_CLASS = YES_ERROR;
				CLANG_WARN_RANGE_LOOP_ANALYSIS = YES;
				CLANG_WARN_STRICT_PROTOTYPES = YES;
				CLANG_WARN_SUSPICIOUS_MOVE = YES;
				CLANG_WARN_UNGUARDED_AVAILABILITY = YES_AGGRESSIVE;
				CLANG_WARN_UNREACHABLE_CODE = YES;
				CLANG_WARN__DUPLICATE_METHOD_MATCH = YES;
				CODE_SIGN_IDENTITY = "iPhone Developer";
				COPY_PHASE_STRIP = NO;
				DEBUG_INFORMATION_FORMAT = dwarf;
				ENABLE_STRICT_OBJC_MSGSEND = YES;
				ENABLE_TESTABILITY = YES;
				GCC_C_LANGUAGE_STANDARD = gnu11;
				GCC_DYNAMIC_NO_PIC = NO;
				GCC_NO_COMMON_BLOCKS = YES;
				GCC_OPTIMIZATION_LEVEL = 0;
				GCC_PREPROCESSOR_DEFINITIONS = (
					"DEBUG=1",
					"$(inherited)",
				);
				GCC_WARN_64_TO_32_BIT_CONVERSION = YES;
				GCC_WARN_ABOUT_RETURN_TYPE = YES_ERROR;
				GCC_WARN_UNDECLARED_SELECTOR = YES;
				GCC_WARN_UNINITIALIZED_AUTOS = YES_AGGRESSIVE;
				GCC_WARN_UNUSED_FUNCTION = YES;
				GCC_WARN_UNUSED_VARIABLE = YES;
				IPHONEOS_DEPLOYMENT_TARGET = 12.1;
				MTL_ENABLE_DEBUG_INFO = INCLUDE_SOURCE;
				MTL_FAST_MATH = YES;
				ONLY_ACTIVE_ARCH = YES;
				SDKROOT = iphoneos;
				SWIFT_ACTIVE_COMPILATION_CONDITIONS = DEBUG;
				SWIFT_OPTIMIZATION_LEVEL = "-Onone";
			};
			name = Debug;
		};
		94D0AAD121D353E2004ECBDA /* Release */ = {
			isa = XCBuildConfiguration;
			buildSettings = {
				ALWAYS_SEARCH_USER_PATHS = NO;
				CLANG_ANALYZER_NONNULL = YES;
				CLANG_ANALYZER_NUMBER_OBJECT_CONVERSION = YES_AGGRESSIVE;
				CLANG_CXX_LANGUAGE_STANDARD = "gnu++14";
				CLANG_CXX_LIBRARY = "libc++";
				CLANG_ENABLE_MODULES = YES;
				CLANG_ENABLE_OBJC_ARC = YES;
				CLANG_ENABLE_OBJC_WEAK = YES;
				CLANG_WARN_BLOCK_CAPTURE_AUTORELEASING = YES;
				CLANG_WARN_BOOL_CONVERSION = YES;
				CLANG_WARN_COMMA = YES;
				CLANG_WARN_CONSTANT_CONVERSION = YES;
				CLANG_WARN_DEPRECATED_OBJC_IMPLEMENTATIONS = YES;
				CLANG_WARN_DIRECT_OBJC_ISA_USAGE = YES_ERROR;
				CLANG_WARN_DOCUMENTATION_COMMENTS = YES;
				CLANG_WARN_EMPTY_BODY = YES;
				CLANG_WARN_ENUM_CONVERSION = YES;
				CLANG_WARN_INFINITE_RECURSION = YES;
				CLANG_WARN_INT_CONVERSION = YES;
				CLANG_WARN_NON_LITERAL_NULL_CONVERSION = YES;
				CLANG_WARN_OBJC_IMPLICIT_RETAIN_SELF = YES;
				CLANG_WARN_OBJC_LITERAL_CONVERSION = YES;
				CLANG_WARN_OBJC_ROOT_CLASS = YES_ERROR;
				CLANG_WARN_RANGE_LOOP_ANALYSIS = YES;
				CLANG_WARN_STRICT_PROTOTYPES = YES;
				CLANG_WARN_SUSPICIOUS_MOVE = YES;
				CLANG_WARN_UNGUARDED_AVAILABILITY = YES_AGGRESSIVE;
				CLANG_WARN_UNREACHABLE_CODE = YES;
				CLANG_WARN__DUPLICATE_METHOD_MATCH = YES;
				CODE_SIGN_IDENTITY = "iPhone Developer";
				COPY_PHASE_STRIP = NO;
				DEBUG_INFORMATION_FORMAT = "dwarf-with-dsym";
				ENABLE_NS_ASSERTIONS = NO;
				ENABLE_STRICT_OBJC_MSGSEND = YES;
				GCC_C_LANGUAGE_STANDARD = gnu11;
				GCC_NO_COMMON_BLOCKS = YES;
				GCC_WARN_64_TO_32_BIT_CONVERSION = YES;
				GCC_WARN_ABOUT_RETURN_TYPE = YES_ERROR;
				GCC_WARN_UNDECLARED_SELECTOR = YES;
				GCC_WARN_UNINITIALIZED_AUTOS = YES_AGGRESSIVE;
				GCC_WARN_UNUSED_FUNCTION = YES;
				GCC_WARN_UNUSED_VARIABLE = YES;
				IPHONEOS_DEPLOYMENT_TARGET = 12.1;
				MTL_ENABLE_DEBUG_INFO = NO;
				MTL_FAST_MATH = YES;
				SDKROOT = iphoneos;
				SWIFT_COMPILATION_MODE = wholemodule;
				SWIFT_OPTIMIZATION_LEVEL = "-O";
				VALIDATE_PRODUCT = YES;
			};
			name = Release;
		};
		94D0AAD321D353E2004ECBDA /* Debug */ = {
			isa = XCBuildConfiguration;
			baseConfigurationReference = A04C96CE9B946209924A9AE6 /* Pods-VK.debug.xcconfig */;
			buildSettings = {
				ASSETCATALOG_COMPILER_APPICON_NAME = AppIcon;
				CODE_SIGN_STYLE = Automatic;
				DEVELOPMENT_TEAM = X37P9Q6XJN;
				INFOPLIST_FILE = "$(SRCROOT)/VK/Environment/Info.plist";
				LD_RUNPATH_SEARCH_PATHS = (
					"$(inherited)",
					"@executable_path/Frameworks",
				);
				PRODUCT_BUNDLE_IDENTIFIER = org.hopto.tolstikov.VK;
				PRODUCT_NAME = "$(TARGET_NAME)";
				SWIFT_VERSION = 4.2;
				TARGETED_DEVICE_FAMILY = "1,2";
			};
			name = Debug;
		};
		94D0AAD421D353E2004ECBDA /* Release */ = {
			isa = XCBuildConfiguration;
			baseConfigurationReference = 9ED2FE472DDD3FC23E07AFB2 /* Pods-VK.release.xcconfig */;
			buildSettings = {
				ASSETCATALOG_COMPILER_APPICON_NAME = AppIcon;
				CODE_SIGN_STYLE = Automatic;
				DEVELOPMENT_TEAM = X37P9Q6XJN;
				INFOPLIST_FILE = "$(SRCROOT)/VK/Environment/Info.plist";
				LD_RUNPATH_SEARCH_PATHS = (
					"$(inherited)",
					"@executable_path/Frameworks",
				);
				PRODUCT_BUNDLE_IDENTIFIER = org.hopto.tolstikov.VK;
				PRODUCT_NAME = "$(TARGET_NAME)";
				SWIFT_VERSION = 4.2;
				TARGETED_DEVICE_FAMILY = "1,2";
			};
			name = Release;
		};
/* End XCBuildConfiguration section */

/* Begin XCConfigurationList section */
		94D0AABB21D353E1004ECBDA /* Build configuration list for PBXProject "VK" */ = {
			isa = XCConfigurationList;
			buildConfigurations = (
				94D0AAD021D353E2004ECBDA /* Debug */,
				94D0AAD121D353E2004ECBDA /* Release */,
			);
			defaultConfigurationIsVisible = 0;
			defaultConfigurationName = Release;
		};
		94D0AAD221D353E2004ECBDA /* Build configuration list for PBXNativeTarget "VK" */ = {
			isa = XCConfigurationList;
			buildConfigurations = (
				94D0AAD321D353E2004ECBDA /* Debug */,
				94D0AAD421D353E2004ECBDA /* Release */,
			);
			defaultConfigurationIsVisible = 0;
			defaultConfigurationName = Release;
		};
/* End XCConfigurationList section */
	};
	rootObject = 94D0AAB821D353E1004ECBDA /* Project object */;
}
